// !$*UTF8*$!
{
	archiveVersion = 1;
	classes = {
	};
	objectVersion = 56;
	objects = {

/* Begin PBXBuildFile section */
		CC25035E28DCF0F200745220 /* AppDelegate.swift in Sources */ = {isa = PBXBuildFile; fileRef = CC25035D28DCF0F200745220 /* AppDelegate.swift */; };
		CC25036028DCF0F200745220 /* SceneDelegate.swift in Sources */ = {isa = PBXBuildFile; fileRef = CC25035F28DCF0F200745220 /* SceneDelegate.swift */; };
		CC25036228DCF0F200745220 /* MainViewController.swift in Sources */ = {isa = PBXBuildFile; fileRef = CC25036128DCF0F200745220 /* MainViewController.swift */; };
		CC25036528DCF0F200745220 /* Main.storyboard in Resources */ = {isa = PBXBuildFile; fileRef = CC25036328DCF0F200745220 /* Main.storyboard */; };
		CC25036728DCF0F300745220 /* Assets.xcassets in Resources */ = {isa = PBXBuildFile; fileRef = CC25036628DCF0F300745220 /* Assets.xcassets */; };
		CC25036A28DCF0F300745220 /* LaunchScreen.storyboard in Resources */ = {isa = PBXBuildFile; fileRef = CC25036828DCF0F300745220 /* LaunchScreen.storyboard */; };
		CC40AEAA28E61ECF00A0C009 /* Complex.swift in Sources */ = {isa = PBXBuildFile; fileRef = CC40AEA928E61ECF00A0C009 /* Complex.swift */; };
		CC84983128DF769000594F31 /* Canvas.swift in Sources */ = {isa = PBXBuildFile; fileRef = CC84983028DF768F00594F31 /* Canvas.swift */; };
		CC84983328DF775C00594F31 /* Constructions.swift in Sources */ = {isa = PBXBuildFile; fileRef = CC84983228DF775C00594F31 /* Constructions.swift */; };
		CCDF637328DCF96A00323C76 /* CreationViewController.swift in Sources */ = {isa = PBXBuildFile; fileRef = CCDF637228DCF96A00323C76 /* CreationViewController.swift */; };
		CCDF637528DCF9D100323C76 /* MeasureViewController.swift in Sources */ = {isa = PBXBuildFile; fileRef = CCDF637428DCF9D100323C76 /* MeasureViewController.swift */; };
/* End PBXBuildFile section */

/* Begin PBXFileReference section */
		CC25035A28DCF0F200745220 /* Mocha.app */ = {isa = PBXFileReference; explicitFileType = wrapper.application; includeInIndex = 0; path = Mocha.app; sourceTree = BUILT_PRODUCTS_DIR; };
		CC25035D28DCF0F200745220 /* AppDelegate.swift */ = {isa = PBXFileReference; lastKnownFileType = sourcecode.swift; path = AppDelegate.swift; sourceTree = "<group>"; };
		CC25035F28DCF0F200745220 /* SceneDelegate.swift */ = {isa = PBXFileReference; lastKnownFileType = sourcecode.swift; path = SceneDelegate.swift; sourceTree = "<group>"; };
		CC25036128DCF0F200745220 /* MainViewController.swift */ = {isa = PBXFileReference; lastKnownFileType = sourcecode.swift; path = MainViewController.swift; sourceTree = "<group>"; };
		CC25036428DCF0F200745220 /* Base */ = {isa = PBXFileReference; lastKnownFileType = file.storyboard; name = Base; path = Base.lproj/Main.storyboard; sourceTree = "<group>"; };
		CC25036628DCF0F300745220 /* Assets.xcassets */ = {isa = PBXFileReference; lastKnownFileType = folder.assetcatalog; path = Assets.xcassets; sourceTree = "<group>"; };
		CC25036928DCF0F300745220 /* Base */ = {isa = PBXFileReference; lastKnownFileType = file.storyboard; name = Base; path = Base.lproj/LaunchScreen.storyboard; sourceTree = "<group>"; };
		CC25036B28DCF0F300745220 /* Info.plist */ = {isa = PBXFileReference; lastKnownFileType = text.plist.xml; path = Info.plist; sourceTree = "<group>"; };
		CC40AEA928E61ECF00A0C009 /* Complex.swift */ = {isa = PBXFileReference; lastKnownFileType = sourcecode.swift; path = Complex.swift; sourceTree = "<group>"; };
		CC84983028DF768F00594F31 /* Canvas.swift */ = {isa = PBXFileReference; lastKnownFileType = sourcecode.swift; name = Canvas.swift; path = ../Canvas.swift; sourceTree = "<group>"; };
		CC84983228DF775C00594F31 /* Constructions.swift */ = {isa = PBXFileReference; lastKnownFileType = sourcecode.swift; name = Constructions.swift; path = ../Constructions.swift; sourceTree = "<group>"; };
		CCDF637228DCF96A00323C76 /* CreationViewController.swift */ = {isa = PBXFileReference; lastKnownFileType = sourcecode.swift; path = CreationViewController.swift; sourceTree = "<group>"; };
		CCDF637428DCF9D100323C76 /* MeasureViewController.swift */ = {isa = PBXFileReference; lastKnownFileType = sourcecode.swift; path = MeasureViewController.swift; sourceTree = "<group>"; };
/* End PBXFileReference section */

/* Begin PBXFrameworksBuildPhase section */
		CC25035728DCF0F200745220 /* Frameworks */ = {
			isa = PBXFrameworksBuildPhase;
			buildActionMask = 2147483647;
			files = (
			);
			runOnlyForDeploymentPostprocessing = 0;
		};
/* End PBXFrameworksBuildPhase section */

/* Begin PBXGroup section */
		CC25035128DCF0F100745220 = {
			isa = PBXGroup;
			children = (
				CC25035C28DCF0F200745220 /* Mocha */,
				CC25035B28DCF0F200745220 /* Products */,
			);
			sourceTree = "<group>";
		};
		CC25035B28DCF0F200745220 /* Products */ = {
			isa = PBXGroup;
			children = (
				CC25035A28DCF0F200745220 /* Mocha.app */,
			);
			name = Products;
			sourceTree = "<group>";
		};
		CC25035C28DCF0F200745220 /* Mocha */ = {
			isa = PBXGroup;
			children = (
				CC40AEA928E61ECF00A0C009 /* Complex.swift */,
				CC84983028DF768F00594F31 /* Canvas.swift */,
				CC84983228DF775C00594F31 /* Constructions.swift */,
				CC25035D28DCF0F200745220 /* AppDelegate.swift */,
				CC25035F28DCF0F200745220 /* SceneDelegate.swift */,
				CCDF637428DCF9D100323C76 /* MeasureViewController.swift */,
				CCDF637228DCF96A00323C76 /* CreationViewController.swift */,
				CC25036128DCF0F200745220 /* MainViewController.swift */,
				CC25036328DCF0F200745220 /* Main.storyboard */,
				CC25036628DCF0F300745220 /* Assets.xcassets */,
				CC25036828DCF0F300745220 /* LaunchScreen.storyboard */,
				CC25036B28DCF0F300745220 /* Info.plist */,
			);
			path = Mocha;
			sourceTree = "<group>";
		};
/* End PBXGroup section */

/* Begin PBXNativeTarget section */
		CC25035928DCF0F200745220 /* Mocha */ = {
			isa = PBXNativeTarget;
			buildConfigurationList = CC25036E28DCF0F300745220 /* Build configuration list for PBXNativeTarget "Mocha" */;
			buildPhases = (
				CC25035628DCF0F200745220 /* Sources */,
				CC25035728DCF0F200745220 /* Frameworks */,
				CC25035828DCF0F200745220 /* Resources */,
			);
			buildRules = (
			);
			dependencies = (
			);
			name = Mocha;
			productName = Mocha;
			productReference = CC25035A28DCF0F200745220 /* Mocha.app */;
			productType = "com.apple.product-type.application";
		};
/* End PBXNativeTarget section */

/* Begin PBXProject section */
		CC25035228DCF0F100745220 /* Project object */ = {
			isa = PBXProject;
			attributes = {
				BuildIndependentTargetsInParallel = 1;
				LastSwiftUpdateCheck = 1400;
				LastUpgradeCheck = 1400;
				TargetAttributes = {
					CC25035928DCF0F200745220 = {
						CreatedOnToolsVersion = 14.0;
					};
				};
			};
			buildConfigurationList = CC25035528DCF0F100745220 /* Build configuration list for PBXProject "Mocha" */;
			compatibilityVersion = "Xcode 14.0";
			developmentRegion = en;
			hasScannedForEncodings = 0;
			knownRegions = (
				en,
				Base,
			);
			mainGroup = CC25035128DCF0F100745220;
			productRefGroup = CC25035B28DCF0F200745220 /* Products */;
			projectDirPath = "";
			projectRoot = "";
			targets = (
				CC25035928DCF0F200745220 /* Mocha */,
			);
		};
/* End PBXProject section */

/* Begin PBXResourcesBuildPhase section */
		CC25035828DCF0F200745220 /* Resources */ = {
			isa = PBXResourcesBuildPhase;
			buildActionMask = 2147483647;
			files = (
				CC25036A28DCF0F300745220 /* LaunchScreen.storyboard in Resources */,
				CC25036728DCF0F300745220 /* Assets.xcassets in Resources */,
				CC25036528DCF0F200745220 /* Main.storyboard in Resources */,
			);
			runOnlyForDeploymentPostprocessing = 0;
		};
/* End PBXResourcesBuildPhase section */

/* Begin PBXSourcesBuildPhase section */
		CC25035628DCF0F200745220 /* Sources */ = {
			isa = PBXSourcesBuildPhase;
			buildActionMask = 2147483647;
			files = (
				CC40AEAA28E61ECF00A0C009 /* Complex.swift in Sources */,
				CC25036228DCF0F200745220 /* MainViewController.swift in Sources */,
				CC25035E28DCF0F200745220 /* AppDelegate.swift in Sources */,
				CCDF637328DCF96A00323C76 /* CreationViewController.swift in Sources */,
				CC84983328DF775C00594F31 /* Constructions.swift in Sources */,
				CCDF637528DCF9D100323C76 /* MeasureViewController.swift in Sources */,
				CC25036028DCF0F200745220 /* SceneDelegate.swift in Sources */,
				CC84983128DF769000594F31 /* Canvas.swift in Sources */,
			);
			runOnlyForDeploymentPostprocessing = 0;
		};
/* End PBXSourcesBuildPhase section */

/* Begin PBXVariantGroup section */
		CC25036328DCF0F200745220 /* Main.storyboard */ = {
			isa = PBXVariantGroup;
			children = (
				CC25036428DCF0F200745220 /* Base */,
			);
			name = Main.storyboard;
			sourceTree = "<group>";
		};
		CC25036828DCF0F300745220 /* LaunchScreen.storyboard */ = {
			isa = PBXVariantGroup;
			children = (
				CC25036928DCF0F300745220 /* Base */,
			);
			name = LaunchScreen.storyboard;
			sourceTree = "<group>";
		};
/* End PBXVariantGroup section */

/* Begin XCBuildConfiguration section */
		CC25036C28DCF0F300745220 /* Debug */ = {
			isa = XCBuildConfiguration;
			buildSettings = {
				ALWAYS_SEARCH_USER_PATHS = NO;
				CLANG_ANALYZER_NONNULL = YES;
				CLANG_ANALYZER_NUMBER_OBJECT_CONVERSION = YES_AGGRESSIVE;
				CLANG_CXX_LANGUAGE_STANDARD = "gnu++20";
				CLANG_ENABLE_MODULES = YES;
				CLANG_ENABLE_OBJC_ARC = YES;
				CLANG_ENABLE_OBJC_WEAK = YES;
				CLANG_WARN_BLOCK_CAPTURE_AUTORELEASING = YES;
				CLANG_WARN_BOOL_CONVERSION = YES;
				CLANG_WARN_COMMA = YES;
				CLANG_WARN_CONSTANT_CONVERSION = YES;
				CLANG_WARN_DEPRECATED_OBJC_IMPLEMENTATIONS = YES;
				CLANG_WARN_DIRECT_OBJC_ISA_USAGE = YES_ERROR;
				CLANG_WARN_DOCUMENTATION_COMMENTS = YES;
				CLANG_WARN_EMPTY_BODY = YES;
				CLANG_WARN_ENUM_CONVERSION = YES;
				CLANG_WARN_INFINITE_RECURSION = YES;
				CLANG_WARN_INT_CONVERSION = YES;
				CLANG_WARN_NON_LITERAL_NULL_CONVERSION = YES;
				CLANG_WARN_OBJC_IMPLICIT_RETAIN_SELF = YES;
				CLANG_WARN_OBJC_LITERAL_CONVERSION = YES;
				CLANG_WARN_OBJC_ROOT_CLASS = YES_ERROR;
				CLANG_WARN_QUOTED_INCLUDE_IN_FRAMEWORK_HEADER = YES;
				CLANG_WARN_RANGE_LOOP_ANALYSIS = YES;
				CLANG_WARN_STRICT_PROTOTYPES = YES;
				CLANG_WARN_SUSPICIOUS_MOVE = YES;
				CLANG_WARN_UNGUARDED_AVAILABILITY = YES_AGGRESSIVE;
				CLANG_WARN_UNREACHABLE_CODE = YES;
				CLANG_WARN__DUPLICATE_METHOD_MATCH = YES;
				COPY_PHASE_STRIP = NO;
				DEBUG_INFORMATION_FORMAT = dwarf;
				ENABLE_STRICT_OBJC_MSGSEND = YES;
				ENABLE_TESTABILITY = YES;
				GCC_C_LANGUAGE_STANDARD = gnu11;
				GCC_DYNAMIC_NO_PIC = NO;
				GCC_NO_COMMON_BLOCKS = YES;
				GCC_OPTIMIZATION_LEVEL = 0;
				GCC_PREPROCESSOR_DEFINITIONS = (
					"DEBUG=1",
					"$(inherited)",
				);
				GCC_WARN_64_TO_32_BIT_CONVERSION = YES;
				GCC_WARN_ABOUT_RETURN_TYPE = YES_ERROR;
				GCC_WARN_UNDECLARED_SELECTOR = YES;
				GCC_WARN_UNINITIALIZED_AUTOS = YES_AGGRESSIVE;
				GCC_WARN_UNUSED_FUNCTION = YES;
				GCC_WARN_UNUSED_VARIABLE = YES;
				IPHONEOS_DEPLOYMENT_TARGET = 14.0;
				MTL_ENABLE_DEBUG_INFO = INCLUDE_SOURCE;
				MTL_FAST_MATH = YES;
				ONLY_ACTIVE_ARCH = YES;
				SDKROOT = iphoneos;
				SWIFT_ACTIVE_COMPILATION_CONDITIONS = DEBUG;
				SWIFT_OPTIMIZATION_LEVEL = "-Onone";
			};
			name = Debug;
		};
		CC25036D28DCF0F300745220 /* Release */ = {
			isa = XCBuildConfiguration;
			buildSettings = {
				ALWAYS_SEARCH_USER_PATHS = NO;
				CLANG_ANALYZER_NONNULL = YES;
				CLANG_ANALYZER_NUMBER_OBJECT_CONVERSION = YES_AGGRESSIVE;
				CLANG_CXX_LANGUAGE_STANDARD = "gnu++20";
				CLANG_ENABLE_MODULES = YES;
				CLANG_ENABLE_OBJC_ARC = YES;
				CLANG_ENABLE_OBJC_WEAK = YES;
				CLANG_WARN_BLOCK_CAPTURE_AUTORELEASING = YES;
				CLANG_WARN_BOOL_CONVERSION = YES;
				CLANG_WARN_COMMA = YES;
				CLANG_WARN_CONSTANT_CONVERSION = YES;
				CLANG_WARN_DEPRECATED_OBJC_IMPLEMENTATIONS = YES;
				CLANG_WARN_DIRECT_OBJC_ISA_USAGE = YES_ERROR;
				CLANG_WARN_DOCUMENTATION_COMMENTS = YES;
				CLANG_WARN_EMPTY_BODY = YES;
				CLANG_WARN_ENUM_CONVERSION = YES;
				CLANG_WARN_INFINITE_RECURSION = YES;
				CLANG_WARN_INT_CONVERSION = YES;
				CLANG_WARN_NON_LITERAL_NULL_CONVERSION = YES;
				CLANG_WARN_OBJC_IMPLICIT_RETAIN_SELF = YES;
				CLANG_WARN_OBJC_LITERAL_CONVERSION = YES;
				CLANG_WARN_OBJC_ROOT_CLASS = YES_ERROR;
				CLANG_WARN_QUOTED_INCLUDE_IN_FRAMEWORK_HEADER = YES;
				CLANG_WARN_RANGE_LOOP_ANALYSIS = YES;
				CLANG_WARN_STRICT_PROTOTYPES = YES;
				CLANG_WARN_SUSPICIOUS_MOVE = YES;
				CLANG_WARN_UNGUARDED_AVAILABILITY = YES_AGGRESSIVE;
				CLANG_WARN_UNREACHABLE_CODE = YES;
				CLANG_WARN__DUPLICATE_METHOD_MATCH = YES;
				COPY_PHASE_STRIP = NO;
				DEBUG_INFORMATION_FORMAT = "dwarf-with-dsym";
				ENABLE_NS_ASSERTIONS = NO;
				ENABLE_STRICT_OBJC_MSGSEND = YES;
				GCC_C_LANGUAGE_STANDARD = gnu11;
				GCC_NO_COMMON_BLOCKS = YES;
				GCC_WARN_64_TO_32_BIT_CONVERSION = YES;
				GCC_WARN_ABOUT_RETURN_TYPE = YES_ERROR;
				GCC_WARN_UNDECLARED_SELECTOR = YES;
				GCC_WARN_UNINITIALIZED_AUTOS = YES_AGGRESSIVE;
				GCC_WARN_UNUSED_FUNCTION = YES;
				GCC_WARN_UNUSED_VARIABLE = YES;
				IPHONEOS_DEPLOYMENT_TARGET = 14.0;
				MTL_ENABLE_DEBUG_INFO = NO;
				MTL_FAST_MATH = YES;
				SDKROOT = iphoneos;
				SWIFT_COMPILATION_MODE = wholemodule;
				SWIFT_OPTIMIZATION_LEVEL = "-O";
				VALIDATE_PRODUCT = YES;
			};
			name = Release;
		};
		CC25036F28DCF0F300745220 /* Debug */ = {
			isa = XCBuildConfiguration;
			buildSettings = {
				ASSETCATALOG_COMPILER_APPICON_NAME = AppIcon;
				ASSETCATALOG_COMPILER_GLOBAL_ACCENT_COLOR_NAME = AccentColor;
				CODE_SIGN_STYLE = Automatic;
				CURRENT_PROJECT_VERSION = 1;
				DEVELOPMENT_TEAM = HAKB9H7J6M;
				GENERATE_INFOPLIST_FILE = YES;
				INFOPLIST_FILE = Mocha/Info.plist;
				INFOPLIST_KEY_UIApplicationSupportsIndirectInputEvents = YES;
				INFOPLIST_KEY_UILaunchStoryboardName = LaunchScreen;
				INFOPLIST_KEY_UIMainStoryboardFile = Main;
				INFOPLIST_KEY_UISupportedInterfaceOrientations = "UIInterfaceOrientationPortrait UIInterfaceOrientationPortraitUpsideDown";
				LD_RUNPATH_SEARCH_PATHS = (
					"$(inherited)",
					"@executable_path/Frameworks",
				);
				MARKETING_VERSION = 1.0;
				PRODUCT_BUNDLE_IDENTIFIER = PLUMath.Mocha;
				PRODUCT_NAME = "$(TARGET_NAME)";
				SWIFT_EMIT_LOC_STRINGS = YES;
				SWIFT_VERSION = 5.0;
				TARGETED_DEVICE_FAMILY = "1,2";
			};
			name = Debug;
		};
		CC25037028DCF0F300745220 /* Release */ = {
			isa = XCBuildConfiguration;
			buildSettings = {
				ASSETCATALOG_COMPILER_APPICON_NAME = AppIcon;
				ASSETCATALOG_COMPILER_GLOBAL_ACCENT_COLOR_NAME = AccentColor;
				CODE_SIGN_STYLE = Automatic;
				CURRENT_PROJECT_VERSION = 1;
				DEVELOPMENT_TEAM = HAKB9H7J6M;
				GENERATE_INFOPLIST_FILE = YES;
				INFOPLIST_FILE = Mocha/Info.plist;
				INFOPLIST_KEY_UIApplicationSupportsIndirectInputEvents = YES;
				INFOPLIST_KEY_UILaunchStoryboardName = LaunchScreen;
				INFOPLIST_KEY_UIMainStoryboardFile = Main;
				INFOPLIST_KEY_UISupportedInterfaceOrientations = "UIInterfaceOrientationPortrait UIInterfaceOrientationPortraitUpsideDown";
				LD_RUNPATH_SEARCH_PATHS = (
					"$(inherited)",
					"@executable_path/Frameworks",
				);
				MARKETING_VERSION = 1.0;
				PRODUCT_BUNDLE_IDENTIFIER = PLUMath.Mocha;
				PRODUCT_NAME = "$(TARGET_NAME)";
				SWIFT_EMIT_LOC_STRINGS = YES;
				SWIFT_VERSION = 5.0;
				TARGETED_DEVICE_FAMILY = "1,2";
			};
			name = Release;
		};
/* End XCBuildConfiguration section */

/* Begin XCConfigurationList section */
		CC25035528DCF0F100745220 /* Build configuration list for PBXProject "Mocha" */ = {
			isa = XCConfigurationList;
			buildConfigurations = (
				CC25036C28DCF0F300745220 /* Debug */,
				CC25036D28DCF0F300745220 /* Release */,
			);
			defaultConfigurationIsVisible = 0;
			defaultConfigurationName = Release;
		};
		CC25036E28DCF0F300745220 /* Build configuration list for PBXNativeTarget "Mocha" */ = {
			isa = XCConfigurationList;
			buildConfigurations = (
				CC25036F28DCF0F300745220 /* Debug */,
				CC25037028DCF0F300745220 /* Release */,
			);
			defaultConfigurationIsVisible = 0;
			defaultConfigurationName = Release;
		};
/* End XCConfigurationList section */
	};
	rootObject = CC25035228DCF0F100745220 /* Project object */;
}
